
Microsoft Visual Studio Solution File, Format Version 12.00
# Visual Studio Version 16
VisualStudioVersion = 16.0.30330.147
MinimumVisualStudioVersion = 10.0.40219.1
Project("{FAE04EC0-301F-11D3-BF4B-00C04F79EFBC}") = "UnderMineControl.Example", "UnderMineControl.Example\UnderMineControl.Example.csproj", "{77D65A50-96DE-46D1-8B19-EFC5FE2BC440}"
EndProject
Project("{2150E333-8FDC-42A3-9474-1A3956D46DE8}") = "Solution Items", "Solution Items", "{B4C22C7F-C9DF-48D8-BF9D-2865F141EF94}"
	ProjectSection(SolutionItems) = preProject
		LICENSE = LICENSE
		README.md = README.md
	EndProjectSection
EndProject
Global
	GlobalSection(SolutionConfigurationPlatforms) = preSolution
		Debug|Any CPU = Debug|Any CPU
		Release|Any CPU = Release|Any CPU
	EndGlobalSection
	GlobalSection(ProjectConfigurationPlatforms) = postSolution
		{77D65A50-96DE-46D1-8B19-EFC5FE2BC440}.Debug|Any CPU.ActiveCfg = Debug|Any CPU
		{77D65A50-96DE-46D1-8B19-EFC5FE2BC440}.Debug|Any CPU.Build.0 = Debug|Any CPU
		{77D65A50-96DE-46D1-8B19-EFC5FE2BC440}.Release|Any CPU.ActiveCfg = Release|Any CPU
		{77D65A50-96DE-46D1-8B19-EFC5FE2BC440}.Release|Any CPU.Build.0 = Release|Any CPU
	EndGlobalSection
	GlobalSection(SolutionProperties) = preSolution
		HideSolutionNode = FALSE
	EndGlobalSection
	GlobalSection(ExtensibilityGlobals) = postSolution
		SolutionGuid = {F9F3829B-6BE0-421A-B161-4B52266CD5F7}
	EndGlobalSection
EndGlobal
